
Microsoft Visual Studio Solution File, Format Version 12.00
# Visual Studio 14
VisualStudioVersion = 14.0.25123.0
MinimumVisualStudioVersion = 10.0.40219.1
Project("{FAE04EC0-301F-11D3-BF4B-00C04F79EFBC}") = "Mrucznik", "Project\Mrucznik.csproj", "{B73B3294-DB32-49A8-B68C-46EED745E057}"
EndProject
Project("{FAE04EC0-301F-11D3-BF4B-00C04F79EFBC}") = "Mrucznik.Tests", "Mrucznik.Tests\Mrucznik.Tests.csproj", "{BD8FF9F6-6285-4065-BC00-949C576DA82B}"
EndProject
Global
	GlobalSection(SolutionConfigurationPlatforms) = preSolution
		Debug|Any CPU = Debug|Any CPU
		Release|Any CPU = Release|Any CPU
	EndGlobalSection
	GlobalSection(ProjectConfigurationPlatforms) = postSolution
		{B73B3294-DB32-49A8-B68C-46EED745E057}.Debug|Any CPU.ActiveCfg = Debug|Any CPU
		{B73B3294-DB32-49A8-B68C-46EED745E057}.Debug|Any CPU.Build.0 = Debug|Any CPU
		{B73B3294-DB32-49A8-B68C-46EED745E057}.Release|Any CPU.ActiveCfg = Release|Any CPU
		{B73B3294-DB32-49A8-B68C-46EED745E057}.Release|Any CPU.Build.0 = Release|Any CPU
		{BD8FF9F6-6285-4065-BC00-949C576DA82B}.Debug|Any CPU.ActiveCfg = Debug|Any CPU
		{BD8FF9F6-6285-4065-BC00-949C576DA82B}.Debug|Any CPU.Build.0 = Debug|Any CPU
		{BD8FF9F6-6285-4065-BC00-949C576DA82B}.Release|Any CPU.ActiveCfg = Release|Any CPU
		{BD8FF9F6-6285-4065-BC00-949C576DA82B}.Release|Any CPU.Build.0 = Release|Any CPU
	EndGlobalSection
	GlobalSection(SolutionProperties) = preSolution
		HideSolutionNode = FALSE
	EndGlobalSection
EndGlobal
